{
  "name": "poc",
  "version": "0.0.1",
  "lockfileVersion": 2,
  "requires": true,
  "packages": {
    "": {
      "name": "poc",
      "version": "0.0.1",
      "dependencies": {
        "poc": "../../packages/lib"
      }
    },
    "../../packages/lib": {
      "name": "cljs-js-module",
      "version": "1.0.0"
    },
    "node_modules/poc": {
      "resolved": "../../packages/lib",
      "link": true
    }
  },
  "dependencies": {
    "poc": {
      "version": "file:../../packages/lib"
    }
  }
}
